
Microsoft Visual Studio Solution File, Format Version 12.00
# Visual Studio Version 16
VisualStudioVersion = 16.0.30413.136
MinimumVisualStudioVersion = 10.0.40219.1
Project("{9A19103F-16F7-4668-BE54-9A1E7A4F7556}") = "Lop_HCN", "BT_Class\Lop_HCN.csproj", "{81D8D4D3-62B8-4708-8A57-4A23AAC5CBA7}"
EndProject
Project("{FAE04EC0-301F-11D3-BF4B-00C04F79EFBC}") = "Animal", "Animal\Animal.csproj", "{12946866-3626-4477-882C-ED26FE7D9BEF}"
EndProject
Global
	GlobalSection(SolutionConfigurationPlatforms) = preSolution
		Debug|Any CPU = Debug|Any CPU
		Release|Any CPU = Release|Any CPU
	EndGlobalSection
	GlobalSection(ProjectConfigurationPlatforms) = postSolution
		{81D8D4D3-62B8-4708-8A57-4A23AAC5CBA7}.Debug|Any CPU.ActiveCfg = Debug|Any CPU
		{81D8D4D3-62B8-4708-8A57-4A23AAC5CBA7}.Debug|Any CPU.Build.0 = Debug|Any CPU
		{81D8D4D3-62B8-4708-8A57-4A23AAC5CBA7}.Release|Any CPU.ActiveCfg = Release|Any CPU
		{81D8D4D3-62B8-4708-8A57-4A23AAC5CBA7}.Release|Any CPU.Build.0 = Release|Any CPU
		{12946866-3626-4477-882C-ED26FE7D9BEF}.Debug|Any CPU.ActiveCfg = Debug|Any CPU
		{12946866-3626-4477-882C-ED26FE7D9BEF}.Debug|Any CPU.Build.0 = Debug|Any CPU
		{12946866-3626-4477-882C-ED26FE7D9BEF}.Release|Any CPU.ActiveCfg = Release|Any CPU
		{12946866-3626-4477-882C-ED26FE7D9BEF}.Release|Any CPU.Build.0 = Release|Any CPU
	EndGlobalSection
	GlobalSection(SolutionProperties) = preSolution
		HideSolutionNode = FALSE
	EndGlobalSection
	GlobalSection(ExtensibilityGlobals) = postSolution
		SolutionGuid = {12CD197A-7F48-4AE0-9A46-E376F076EFEB}
	EndGlobalSection
EndGlobal
